// !$*UTF8*$!
{
	archiveVersion = 1;
	classes = {
	};
	objectVersion = 46;
	objects = {

/* Begin PBXBuildFile section */
		F5E5E8761E82BF4400DD2805 /* AppDelegate.swift in Sources */ = {isa = PBXBuildFile; fileRef = F5E5E8751E82BF4400DD2805 /* AppDelegate.swift */; };
		F5E5E8781E82BF4400DD2805 /* ViewController.swift in Sources */ = {isa = PBXBuildFile; fileRef = F5E5E8771E82BF4400DD2805 /* ViewController.swift */; };
		F5E5E87B1E82BF4400DD2805 /* Main.storyboard in Resources */ = {isa = PBXBuildFile; fileRef = F5E5E8791E82BF4400DD2805 /* Main.storyboard */; };
		F5E5E87D1E82BF4400DD2805 /* Assets.xcassets in Resources */ = {isa = PBXBuildFile; fileRef = F5E5E87C1E82BF4400DD2805 /* Assets.xcassets */; };
		F5E5E8801E82BF4400DD2805 /* LaunchScreen.storyboard in Resources */ = {isa = PBXBuildFile; fileRef = F5E5E87E1E82BF4400DD2805 /* LaunchScreen.storyboard */; };
		F5E5E88B1E82BF4400DD2805 /* LockerTests.swift in Sources */ = {isa = PBXBuildFile; fileRef = F5E5E88A1E82BF4400DD2805 /* LockerTests.swift */; };
		F5E5E8961E82BF4400DD2805 /* LockerUITests.swift in Sources */ = {isa = PBXBuildFile; fileRef = F5E5E8951E82BF4400DD2805 /* LockerUITests.swift */; };
/* End PBXBuildFile section */

/* Begin PBXContainerItemProxy section */
		F5E5E8871E82BF4400DD2805 /* PBXContainerItemProxy */ = {
			isa = PBXContainerItemProxy;
			containerPortal = F5E5E86A1E82BF4400DD2805 /* Project object */;
			proxyType = 1;
			remoteGlobalIDString = F5E5E8711E82BF4400DD2805;
			remoteInfo = Locker;
		};
		F5E5E8921E82BF4400DD2805 /* PBXContainerItemProxy */ = {
			isa = PBXContainerItemProxy;
			containerPortal = F5E5E86A1E82BF4400DD2805 /* Project object */;
			proxyType = 1;
			remoteGlobalIDString = F5E5E8711E82BF4400DD2805;
			remoteInfo = Locker;
		};
/* End PBXContainerItemProxy section */

/* Begin PBXFileReference section */
		F5E5E8721E82BF4400DD2805 /* Locker.app */ = {isa = PBXFileReference; explicitFileType = wrapper.application; includeInIndex = 0; path = Locker.app; sourceTree = BUILT_PRODUCTS_DIR; };
		F5E5E8751E82BF4400DD2805 /* AppDelegate.swift */ = {isa = PBXFileReference; lastKnownFileType = sourcecode.swift; path = AppDelegate.swift; sourceTree = "<group>"; };
		F5E5E8771E82BF4400DD2805 /* ViewController.swift */ = {isa = PBXFileReference; lastKnownFileType = sourcecode.swift; path = ViewController.swift; sourceTree = "<group>"; };
		F5E5E87A1E82BF4400DD2805 /* Base */ = {isa = PBXFileReference; lastKnownFileType = file.storyboard; name = Base; path = Base.lproj/Main.storyboard; sourceTree = "<group>"; };
		F5E5E87C1E82BF4400DD2805 /* Assets.xcassets */ = {isa = PBXFileReference; lastKnownFileType = folder.assetcatalog; path = Assets.xcassets; sourceTree = "<group>"; };
		F5E5E87F1E82BF4400DD2805 /* Base */ = {isa = PBXFileReference; lastKnownFileType = file.storyboard; name = Base; path = Base.lproj/LaunchScreen.storyboard; sourceTree = "<group>"; };
		F5E5E8811E82BF4400DD2805 /* Info.plist */ = {isa = PBXFileReference; lastKnownFileType = text.plist.xml; path = Info.plist; sourceTree = "<group>"; };
		F5E5E8861E82BF4400DD2805 /* LockerTests.xctest */ = {isa = PBXFileReference; explicitFileType = wrapper.cfbundle; includeInIndex = 0; path = LockerTests.xctest; sourceTree = BUILT_PRODUCTS_DIR; };
		F5E5E88A1E82BF4400DD2805 /* LockerTests.swift */ = {isa = PBXFileReference; lastKnownFileType = sourcecode.swift; path = LockerTests.swift; sourceTree = "<group>"; };
		F5E5E88C1E82BF4400DD2805 /* Info.plist */ = {isa = PBXFileReference; lastKnownFileType = text.plist.xml; path = Info.plist; sourceTree = "<group>"; };
		F5E5E8911E82BF4400DD2805 /* LockerUITests.xctest */ = {isa = PBXFileReference; explicitFileType = wrapper.cfbundle; includeInIndex = 0; path = LockerUITests.xctest; sourceTree = BUILT_PRODUCTS_DIR; };
		F5E5E8951E82BF4400DD2805 /* LockerUITests.swift */ = {isa = PBXFileReference; lastKnownFileType = sourcecode.swift; path = LockerUITests.swift; sourceTree = "<group>"; };
		F5E5E8971E82BF4400DD2805 /* Info.plist */ = {isa = PBXFileReference; lastKnownFileType = text.plist.xml; path = Info.plist; sourceTree = "<group>"; };
/* End PBXFileReference section */

/* Begin PBXFrameworksBuildPhase section */
		F5E5E86F1E82BF4400DD2805 /* Frameworks */ = {
			isa = PBXFrameworksBuildPhase;
			buildActionMask = 2147483647;
			files = (
			);
			runOnlyForDeploymentPostprocessing = 0;
		};
		F5E5E8831E82BF4400DD2805 /* Frameworks */ = {
			isa = PBXFrameworksBuildPhase;
			buildActionMask = 2147483647;
			files = (
			);
			runOnlyForDeploymentPostprocessing = 0;
		};
		F5E5E88E1E82BF4400DD2805 /* Frameworks */ = {
			isa = PBXFrameworksBuildPhase;
			buildActionMask = 2147483647;
			files = (
			);
			runOnlyForDeploymentPostprocessing = 0;
		};
/* End PBXFrameworksBuildPhase section */

/* Begin PBXGroup section */
		F5E5E8691E82BF4400DD2805 = {
			isa = PBXGroup;
			children = (
				F5E5E8741E82BF4400DD2805 /* Locker */,
				F5E5E8891E82BF4400DD2805 /* LockerTests */,
				F5E5E8941E82BF4400DD2805 /* LockerUITests */,
				F5E5E8731E82BF4400DD2805 /* Products */,
			);
			sourceTree = "<group>";
		};
		F5E5E8731E82BF4400DD2805 /* Products */ = {
			isa = PBXGroup;
			children = (
				F5E5E8721E82BF4400DD2805 /* Locker.app */,
				F5E5E8861E82BF4400DD2805 /* LockerTests.xctest */,
				F5E5E8911E82BF4400DD2805 /* LockerUITests.xctest */,
			);
			name = Products;
			sourceTree = "<group>";
		};
		F5E5E8741E82BF4400DD2805 /* Locker */ = {
			isa = PBXGroup;
			children = (
				F5E5E8751E82BF4400DD2805 /* AppDelegate.swift */,
				F5E5E8771E82BF4400DD2805 /* ViewController.swift */,
				F5E5E8791E82BF4400DD2805 /* Main.storyboard */,
				F5E5E87C1E82BF4400DD2805 /* Assets.xcassets */,
				F5E5E87E1E82BF4400DD2805 /* LaunchScreen.storyboard */,
				F5E5E8811E82BF4400DD2805 /* Info.plist */,
			);
			path = Locker;
			sourceTree = "<group>";
		};
		F5E5E8891E82BF4400DD2805 /* LockerTests */ = {
			isa = PBXGroup;
			children = (
				F5E5E88A1E82BF4400DD2805 /* LockerTests.swift */,
				F5E5E88C1E82BF4400DD2805 /* Info.plist */,
			);
			path = LockerTests;
			sourceTree = "<group>";
		};
		F5E5E8941E82BF4400DD2805 /* LockerUITests */ = {
			isa = PBXGroup;
			children = (
				F5E5E8951E82BF4400DD2805 /* LockerUITests.swift */,
				F5E5E8971E82BF4400DD2805 /* Info.plist */,
			);
			path = LockerUITests;
			sourceTree = "<group>";
		};
/* End PBXGroup section */

/* Begin PBXNativeTarget section */
		F5E5E8711E82BF4400DD2805 /* Locker */ = {
			isa = PBXNativeTarget;
			buildConfigurationList = F5E5E89A1E82BF4400DD2805 /* Build configuration list for PBXNativeTarget "Locker" */;
			buildPhases = (
				F5E5E86E1E82BF4400DD2805 /* Sources */,
				F5E5E86F1E82BF4400DD2805 /* Frameworks */,
				F5E5E8701E82BF4400DD2805 /* Resources */,
			);
			buildRules = (
			);
			dependencies = (
			);
			name = Locker;
			productName = Locker;
			productReference = F5E5E8721E82BF4400DD2805 /* Locker.app */;
			productType = "com.apple.product-type.application";
		};
		F5E5E8851E82BF4400DD2805 /* LockerTests */ = {
			isa = PBXNativeTarget;
			buildConfigurationList = F5E5E89D1E82BF4400DD2805 /* Build configuration list for PBXNativeTarget "LockerTests" */;
			buildPhases = (
				F5E5E8821E82BF4400DD2805 /* Sources */,
				F5E5E8831E82BF4400DD2805 /* Frameworks */,
				F5E5E8841E82BF4400DD2805 /* Resources */,
			);
			buildRules = (
			);
			dependencies = (
				F5E5E8881E82BF4400DD2805 /* PBXTargetDependency */,
			);
			name = LockerTests;
			productName = LockerTests;
			productReference = F5E5E8861E82BF4400DD2805 /* LockerTests.xctest */;
			productType = "com.apple.product-type.bundle.unit-test";
		};
		F5E5E8901E82BF4400DD2805 /* LockerUITests */ = {
			isa = PBXNativeTarget;
			buildConfigurationList = F5E5E8A01E82BF4400DD2805 /* Build configuration list for PBXNativeTarget "LockerUITests" */;
			buildPhases = (
				F5E5E88D1E82BF4400DD2805 /* Sources */,
				F5E5E88E1E82BF4400DD2805 /* Frameworks */,
				F5E5E88F1E82BF4400DD2805 /* Resources */,
			);
			buildRules = (
			);
			dependencies = (
				F5E5E8931E82BF4400DD2805 /* PBXTargetDependency */,
			);
			name = LockerUITests;
			productName = LockerUITests;
			productReference = F5E5E8911E82BF4400DD2805 /* LockerUITests.xctest */;
			productType = "com.apple.product-type.bundle.ui-testing";
		};
/* End PBXNativeTarget section */

/* Begin PBXProject section */
		F5E5E86A1E82BF4400DD2805 /* Project object */ = {
			isa = PBXProject;
			attributes = {
				LastSwiftUpdateCheck = 0820;
				LastUpgradeCheck = 0820;
				ORGANIZATIONNAME = "Shen Yi";
				TargetAttributes = {
					F5E5E8711E82BF4400DD2805 = {
						CreatedOnToolsVersion = 8.2.1;
						DevelopmentTeam = L639ACPQWM;
						ProvisioningStyle = Automatic;
					};
					F5E5E8851E82BF4400DD2805 = {
						CreatedOnToolsVersion = 8.2.1;
						DevelopmentTeam = L639ACPQWM;
						ProvisioningStyle = Automatic;
						TestTargetID = F5E5E8711E82BF4400DD2805;
					};
					F5E5E8901E82BF4400DD2805 = {
						CreatedOnToolsVersion = 8.2.1;
						DevelopmentTeam = L639ACPQWM;
						ProvisioningStyle = Automatic;
						TestTargetID = F5E5E8711E82BF4400DD2805;
					};
				};
			};
			buildConfigurationList = F5E5E86D1E82BF4400DD2805 /* Build configuration list for PBXProject "Locker" */;
			compatibilityVersion = "Xcode 3.2";
			developmentRegion = English;
			hasScannedForEncodings = 0;
			knownRegions = (
				en,
				Base,
			);
			mainGroup = F5E5E8691E82BF4400DD2805;
			productRefGroup = F5E5E8731E82BF4400DD2805 /* Products */;
			projectDirPath = "";
			projectRoot = "";
			targets = (
				F5E5E8711E82BF4400DD2805 /* Locker */,
				F5E5E8851E82BF4400DD2805 /* LockerTests */,
				F5E5E8901E82BF4400DD2805 /* LockerUITests */,
			);
		};
/* End PBXProject section */

/* Begin PBXResourcesBuildPhase section */
		F5E5E8701E82BF4400DD2805 /* Resources */ = {
			isa = PBXResourcesBuildPhase;
			buildActionMask = 2147483647;
			files = (
				F5E5E8801E82BF4400DD2805 /* LaunchScreen.storyboard in Resources */,
				F5E5E87D1E82BF4400DD2805 /* Assets.xcassets in Resources */,
				F5E5E87B1E82BF4400DD2805 /* Main.storyboard in Resources */,
			);
			runOnlyForDeploymentPostprocessing = 0;
		};
		F5E5E8841E82BF4400DD2805 /* Resources */ = {
			isa = PBXResourcesBuildPhase;
			buildActionMask = 2147483647;
			files = (
			);
			runOnlyForDeploymentPostprocessing = 0;
		};
		F5E5E88F1E82BF4400DD2805 /* Resources */ = {
			isa = PBXResourcesBuildPhase;
			buildActionMask = 2147483647;
			files = (
			);
			runOnlyForDeploymentPostprocessing = 0;
		};
/* End PBXResourcesBuildPhase section */

/* Begin PBXSourcesBuildPhase section */
		F5E5E86E1E82BF4400DD2805 /* Sources */ = {
			isa = PBXSourcesBuildPhase;
			buildActionMask = 2147483647;
			files = (
				F5E5E8781E82BF4400DD2805 /* ViewController.swift in Sources */,
				F5E5E8761E82BF4400DD2805 /* AppDelegate.swift in Sources */,
			);
			runOnlyForDeploymentPostprocessing = 0;
		};
		F5E5E8821E82BF4400DD2805 /* Sources */ = {
			isa = PBXSourcesBuildPhase;
			buildActionMask = 2147483647;
			files = (
				F5E5E88B1E82BF4400DD2805 /* LockerTests.swift in Sources */,
			);
			runOnlyForDeploymentPostprocessing = 0;
		};
		F5E5E88D1E82BF4400DD2805 /* Sources */ = {
			isa = PBXSourcesBuildPhase;
			buildActionMask = 2147483647;
			files = (
				F5E5E8961E82BF4400DD2805 /* LockerUITests.swift in Sources */,
			);
			runOnlyForDeploymentPostprocessing = 0;
		};
/* End PBXSourcesBuildPhase section */

/* Begin PBXTargetDependency section */
		F5E5E8881E82BF4400DD2805 /* PBXTargetDependency */ = {
			isa = PBXTargetDependency;
			target = F5E5E8711E82BF4400DD2805 /* Locker */;
			targetProxy = F5E5E8871E82BF4400DD2805 /* PBXContainerItemProxy */;
		};
		F5E5E8931E82BF4400DD2805 /* PBXTargetDependency */ = {
			isa = PBXTargetDependency;
			target = F5E5E8711E82BF4400DD2805 /* Locker */;
			targetProxy = F5E5E8921E82BF4400DD2805 /* PBXContainerItemProxy */;
		};
/* End PBXTargetDependency section */

/* Begin PBXVariantGroup section */
		F5E5E8791E82BF4400DD2805 /* Main.storyboard */ = {
			isa = PBXVariantGroup;
			children = (
				F5E5E87A1E82BF4400DD2805 /* Base */,
			);
			name = Main.storyboard;
			sourceTree = "<group>";
		};
		F5E5E87E1E82BF4400DD2805 /* LaunchScreen.storyboard */ = {
			isa = PBXVariantGroup;
			children = (
				F5E5E87F1E82BF4400DD2805 /* Base */,
			);
			name = LaunchScreen.storyboard;
			sourceTree = "<group>";
		};
/* End PBXVariantGroup section */

/* Begin XCBuildConfiguration section */
		F5E5E8981E82BF4400DD2805 /* Debug */ = {
			isa = XCBuildConfiguration;
			buildSettings = {
				ALWAYS_SEARCH_USER_PATHS = NO;
				CLANG_ANALYZER_NONNULL = YES;
				CLANG_CXX_LANGUAGE_STANDARD = "gnu++0x";
				CLANG_CXX_LIBRARY = "libc++";
				CLANG_ENABLE_MODULES = YES;
				CLANG_ENABLE_OBJC_ARC = YES;
				CLANG_WARN_BOOL_CONVERSION = YES;
				CLANG_WARN_CONSTANT_CONVERSION = YES;
				CLANG_WARN_DIRECT_OBJC_ISA_USAGE = YES_ERROR;
				CLANG_WARN_DOCUMENTATION_COMMENTS = YES;
				CLANG_WARN_EMPTY_BODY = YES;
				CLANG_WARN_ENUM_CONVERSION = YES;
				CLANG_WARN_INFINITE_RECURSION = YES;
				CLANG_WARN_INT_CONVERSION = YES;
				CLANG_WARN_OBJC_ROOT_CLASS = YES_ERROR;
				CLANG_WARN_SUSPICIOUS_MOVE = YES;
				CLANG_WARN_UNREACHABLE_CODE = YES;
				CLANG_WARN__DUPLICATE_METHOD_MATCH = YES;
				"CODE_SIGN_IDENTITY[sdk=iphoneos*]" = "iPhone Developer";
				COPY_PHASE_STRIP = NO;
				DEBUG_INFORMATION_FORMAT = dwarf;
				ENABLE_STRICT_OBJC_MSGSEND = YES;
				ENABLE_TESTABILITY = YES;
				GCC_C_LANGUAGE_STANDARD = gnu99;
				GCC_DYNAMIC_NO_PIC = NO;
				GCC_NO_COMMON_BLOCKS = YES;
				GCC_OPTIMIZATION_LEVEL = 0;
				GCC_PREPROCESSOR_DEFINITIONS = (
					"DEBUG=1",
					"$(inherited)",
				);
				GCC_WARN_64_TO_32_BIT_CONVERSION = YES;
				GCC_WARN_ABOUT_RETURN_TYPE = YES_ERROR;
				GCC_WARN_UNDECLARED_SELECTOR = YES;
				GCC_WARN_UNINITIALIZED_AUTOS = YES_AGGRESSIVE;
				GCC_WARN_UNUSED_FUNCTION = YES;
				GCC_WARN_UNUSED_VARIABLE = YES;
				IPHONEOS_DEPLOYMENT_TARGET = 10.2;
				MTL_ENABLE_DEBUG_INFO = YES;
				ONLY_ACTIVE_ARCH = YES;
				SDKROOT = iphoneos;
				SWIFT_ACTIVE_COMPILATION_CONDITIONS = DEBUG;
				SWIFT_OPTIMIZATION_LEVEL = "-Onone";
			};
			name = Debug;
		};
		F5E5E8991E82BF4400DD2805 /* Release */ = {
			isa = XCBuildConfiguration;
			buildSettings = {
				ALWAYS_SEARCH_USER_PATHS = NO;
				CLANG_ANALYZER_NONNULL = YES;
				CLANG_CXX_LANGUAGE_STANDARD = "gnu++0x";
				CLANG_CXX_LIBRARY = "libc++";
				CLANG_ENABLE_MODULES = YES;
				CLANG_ENABLE_OBJC_ARC = YES;
				CLANG_WARN_BOOL_CONVERSION = YES;
				CLANG_WARN_CONSTANT_CONVERSION = YES;
				CLANG_WARN_DIRECT_OBJC_ISA_USAGE = YES_ERROR;
				CLANG_WARN_DOCUMENTATION_COMMENTS = YES;
				CLANG_WARN_EMPTY_BODY = YES;
				CLANG_WARN_ENUM_CONVERSION = YES;
				CLANG_WARN_INFINITE_RECURSION = YES;
				CLANG_WARN_INT_CONVERSION = YES;
				CLANG_WARN_OBJC_ROOT_CLASS = YES_ERROR;
				CLANG_WARN_SUSPICIOUS_MOVE = YES;
				CLANG_WARN_UNREACHABLE_CODE = YES;
				CLANG_WARN__DUPLICATE_METHOD_MATCH = YES;
				"CODE_SIGN_IDENTITY[sdk=iphoneos*]" = "iPhone Developer";
				COPY_PHASE_STRIP = NO;
				DEBUG_INFORMATION_FORMAT = "dwarf-with-dsym";
				ENABLE_NS_ASSERTIONS = NO;
				ENABLE_STRICT_OBJC_MSGSEND = YES;
				GCC_C_LANGUAGE_STANDARD = gnu99;
				GCC_NO_COMMON_BLOCKS = YES;
				GCC_WARN_64_TO_32_BIT_CONVERSION = YES;
				GCC_WARN_ABOUT_RETURN_TYPE = YES_ERROR;
				GCC_WARN_UNDECLARED_SELECTOR = YES;
				GCC_WARN_UNINITIALIZED_AUTOS = YES_AGGRESSIVE;
				GCC_WARN_UNUSED_FUNCTION = YES;
				GCC_WARN_UNUSED_VARIABLE = YES;
				IPHONEOS_DEPLOYMENT_TARGET = 10.2;
				MTL_ENABLE_DEBUG_INFO = NO;
				SDKROOT = iphoneos;
				SWIFT_OPTIMIZATION_LEVEL = "-Owholemodule";
				VALIDATE_PRODUCT = YES;
			};
			name = Release;
		};
		F5E5E89B1E82BF4400DD2805 /* Debug */ = {
			isa = XCBuildConfiguration;
			buildSettings = {
				ASSETCATALOG_COMPILER_APPICON_NAME = AppIcon;
				DEVELOPMENT_TEAM = L639ACPQWM;
				INFOPLIST_FILE = Locker/Info.plist;
				LD_RUNPATH_SEARCH_PATHS = "$(inherited) @executable_path/Frameworks";
				PRODUCT_BUNDLE_IDENTIFIER = SY.Locker;
				PRODUCT_NAME = "$(TARGET_NAME)";
				SWIFT_VERSION = 3.0;
			};
			name = Debug;
		};
		F5E5E89C1E82BF4400DD2805 /* Release */ = {
			isa = XCBuildConfiguration;
			buildSettings = {
				ASSETCATALOG_COMPILER_APPICON_NAME = AppIcon;
				DEVELOPMENT_TEAM = L639ACPQWM;
				INFOPLIST_FILE = Locker/Info.plist;
				LD_RUNPATH_SEARCH_PATHS = "$(inherited) @executable_path/Frameworks";
				PRODUCT_BUNDLE_IDENTIFIER = SY.Locker;
				PRODUCT_NAME = "$(TARGET_NAME)";
				SWIFT_VERSION = 3.0;
			};
			name = Release;
		};
		F5E5E89E1E82BF4400DD2805 /* Debug */ = {
			isa = XCBuildConfiguration;
			buildSettings = {
				ALWAYS_EMBED_SWIFT_STANDARD_LIBRARIES = YES;
				BUNDLE_LOADER = "$(TEST_HOST)";
				DEVELOPMENT_TEAM = L639ACPQWM;
				INFOPLIST_FILE = LockerTests/Info.plist;
				LD_RUNPATH_SEARCH_PATHS = "$(inherited) @executable_path/Frameworks @loader_path/Frameworks";
				PRODUCT_BUNDLE_IDENTIFIER = SY.LockerTests;
				PRODUCT_NAME = "$(TARGET_NAME)";
				SWIFT_VERSION = 3.0;
				TEST_HOST = "$(BUILT_PRODUCTS_DIR)/Locker.app/Locker";
			};
			name = Debug;
		};
		F5E5E89F1E82BF4400DD2805 /* Release */ = {
			isa = XCBuildConfiguration;
			buildSettings = {
				ALWAYS_EMBED_SWIFT_STANDARD_LIBRARIES = YES;
				BUNDLE_LOADER = "$(TEST_HOST)";
				DEVELOPMENT_TEAM = L639ACPQWM;
				INFOPLIST_FILE = LockerTests/Info.plist;
				LD_RUNPATH_SEARCH_PATHS = "$(inherited) @executable_path/Frameworks @loader_path/Frameworks";
				PRODUCT_BUNDLE_IDENTIFIER = SY.LockerTests;
				PRODUCT_NAME = "$(TARGET_NAME)";
				SWIFT_VERSION = 3.0;
				TEST_HOST = "$(BUILT_PRODUCTS_DIR)/Locker.app/Locker";
			};
			name = Release;
		};
		F5E5E8A11E82BF4400DD2805 /* Debug */ = {
			isa = XCBuildConfiguration;
			buildSettings = {
				ALWAYS_EMBED_SWIFT_STANDARD_LIBRARIES = YES;
				DEVELOPMENT_TEAM = L639ACPQWM;
				INFOPLIST_FILE = LockerUITests/Info.plist;
				LD_RUNPATH_SEARCH_PATHS = "$(inherited) @executable_path/Frameworks @loader_path/Frameworks";
				PRODUCT_BUNDLE_IDENTIFIER = SY.LockerUITests;
				PRODUCT_NAME = "$(TARGET_NAME)";
				SWIFT_VERSION = 3.0;
				TEST_TARGET_NAME = Locker;
			};
			name = Debug;
		};
		F5E5E8A21E82BF4400DD2805 /* Release */ = {
			isa = XCBuildConfiguration;
			buildSettings = {
				ALWAYS_EMBED_SWIFT_STANDARD_LIBRARIES = YES;
				DEVELOPMENT_TEAM = L639ACPQWM;
				INFOPLIST_FILE = LockerUITests/Info.plist;
				LD_RUNPATH_SEARCH_PATHS = "$(inherited) @executable_path/Frameworks @loader_path/Frameworks";
				PRODUCT_BUNDLE_IDENTIFIER = SY.LockerUITests;
				PRODUCT_NAME = "$(TARGET_NAME)";
				SWIFT_VERSION = 3.0;
				TEST_TARGET_NAME = Locker;
			};
			name = Release;
		};
/* End XCBuildConfiguration section */

/* Begin XCConfigurationList section */
		F5E5E86D1E82BF4400DD2805 /* Build configuration list for PBXProject "Locker" */ = {
			isa = XCConfigurationList;
			buildConfigurations = (
				F5E5E8981E82BF4400DD2805 /* Debug */,
				F5E5E8991E82BF4400DD2805 /* Release */,
			);
			defaultConfigurationIsVisible = 0;
			defaultConfigurationName = Release;
		};
		F5E5E89A1E82BF4400DD2805 /* Build configuration list for PBXNativeTarget "Locker" */ = {
			isa = XCConfigurationList;
			buildConfigurations = (
				F5E5E89B1E82BF4400DD2805 /* Debug */,
				F5E5E89C1E82BF4400DD2805 /* Release */,
			);
			defaultConfigurationIsVisible = 0;
		};
		F5E5E89D1E82BF4400DD2805 /* Build configuration list for PBXNativeTarget "LockerTests" */ = {
			isa = XCConfigurationList;
			buildConfigurations = (
				F5E5E89E1E82BF4400DD2805 /* Debug */,
				F5E5E89F1E82BF4400DD2805 /* Release */,
			);
			defaultConfigurationIsVisible = 0;
		};
		F5E5E8A01E82BF4400DD2805 /* Build configuration list for PBXNativeTarget "LockerUITests" */ = {
			isa = XCConfigurationList;
			buildConfigurations = (
				F5E5E8A11E82BF4400DD2805 /* Debug */,
				F5E5E8A21E82BF4400DD2805 /* Release */,
			);
			defaultConfigurationIsVisible = 0;
		};
/* End XCConfigurationList section */
	};
	rootObject = F5E5E86A1E82BF4400DD2805 /* Project object */;
}
